
Microsoft Visual Studio Solution File, Format Version 12.00
# Visual Studio Version 17
VisualStudioVersion = 17.9.34607.119
MinimumVisualStudioVersion = 10.0.40219.1
Project("{FAE04EC0-301F-11D3-BF4B-00C04F79EFBC}") = "ChatFilter", "ChatFilter.csproj", "{397935E8-D209-49EA-8000-263F3359852B}"
EndProject
Global
	GlobalSection(SolutionConfigurationPlatforms) = preSolution
		Debug|Any CPU = Debug|Any CPU
		Release|Any CPU = Release|Any CPU
	EndGlobalSection
	GlobalSection(ProjectConfigurationPlatforms) = postSolution
		{397935E8-D209-49EA-8000-263F3359852B}.Debug|Any CPU.ActiveCfg = Debug|Any CPU
		{397935E8-D209-49EA-8000-263F3359852B}.Debug|Any CPU.Build.0 = Debug|Any CPU
		{397935E8-D209-49EA-8000-263F3359852B}.Release|Any CPU.ActiveCfg = Release|Any CPU
		{397935E8-D209-49EA-8000-263F3359852B}.Release|Any CPU.Build.0 = Release|Any CPU
	EndGlobalSection
	GlobalSection(SolutionProperties) = preSolution
		HideSolutionNode = FALSE
	EndGlobalSection
	GlobalSection(ExtensibilityGlobals) = postSolution
		SolutionGuid = {8EF04EA1-DBA0-45E5-A979-0D35ABAFEA95}
	EndGlobalSection
EndGlobal
